// !$*UTF8*$!
{
	archiveVersion = 1;
	classes = {
	};
	objectVersion = 50;
	objects = {

/* Begin PBXBuildFile section */
		849873C524B0D0520069E4C1 /* TodayTableViewCell.swift in Sources */ = {isa = PBXBuildFile; fileRef = 849873C424B0D0520069E4C1 /* TodayTableViewCell.swift */; };
		849873C724B0D10D0069E4C1 /* WeekTableViewCell.swift in Sources */ = {isa = PBXBuildFile; fileRef = 849873C624B0D10D0069E4C1 /* WeekTableViewCell.swift */; };
		849873C924B0D1260069E4C1 /* WorldTableViewCell.swift in Sources */ = {isa = PBXBuildFile; fileRef = 849873C824B0D1260069E4C1 /* WorldTableViewCell.swift */; };
		849873CB24B0DE100069E4C1 /* MainTableViewCell.swift in Sources */ = {isa = PBXBuildFile; fileRef = 849873CA24B0DE100069E4C1 /* MainTableViewCell.swift */; };
		84A4D61F24AFB161008CD519 /* AppDelegate.swift in Sources */ = {isa = PBXBuildFile; fileRef = 84A4D61E24AFB161008CD519 /* AppDelegate.swift */; };
		84A4D62124AFB161008CD519 /* SceneDelegate.swift in Sources */ = {isa = PBXBuildFile; fileRef = 84A4D62024AFB161008CD519 /* SceneDelegate.swift */; };
		84A4D62324AFB161008CD519 /* ViewController.swift in Sources */ = {isa = PBXBuildFile; fileRef = 84A4D62224AFB161008CD519 /* ViewController.swift */; };
		84A4D62624AFB161008CD519 /* Main.storyboard in Resources */ = {isa = PBXBuildFile; fileRef = 84A4D62424AFB161008CD519 /* Main.storyboard */; };
		84A4D62824AFB16F008CD519 /* Assets.xcassets in Resources */ = {isa = PBXBuildFile; fileRef = 84A4D62724AFB16F008CD519 /* Assets.xcassets */; };
		84A4D62B24AFB16F008CD519 /* LaunchScreen.storyboard in Resources */ = {isa = PBXBuildFile; fileRef = 84A4D62924AFB16F008CD519 /* LaunchScreen.storyboard */; };
		84A4D63524AFB1F5008CD519 /* WeatherGetter.swift in Sources */ = {isa = PBXBuildFile; fileRef = 84A4D63224AFB1F5008CD519 /* WeatherGetter.swift */; };
		84A4D63724AFB1F5008CD519 /* WeatherIcon.swift in Sources */ = {isa = PBXBuildFile; fileRef = 84A4D63424AFB1F5008CD519 /* WeatherIcon.swift */; };
		84A4D63924AFBC1E008CD519 /* WeatherModel.swift in Sources */ = {isa = PBXBuildFile; fileRef = 84A4D63824AFBC1E008CD519 /* WeatherModel.swift */; };
/* End PBXBuildFile section */

/* Begin PBXFileReference section */
		849873C424B0D0520069E4C1 /* TodayTableViewCell.swift */ = {isa = PBXFileReference; lastKnownFileType = sourcecode.swift; path = TodayTableViewCell.swift; sourceTree = "<group>"; };
		849873C624B0D10D0069E4C1 /* WeekTableViewCell.swift */ = {isa = PBXFileReference; lastKnownFileType = sourcecode.swift; path = WeekTableViewCell.swift; sourceTree = "<group>"; };
		849873C824B0D1260069E4C1 /* WorldTableViewCell.swift */ = {isa = PBXFileReference; lastKnownFileType = sourcecode.swift; path = WorldTableViewCell.swift; sourceTree = "<group>"; };
		849873CA24B0DE100069E4C1 /* MainTableViewCell.swift */ = {isa = PBXFileReference; lastKnownFileType = sourcecode.swift; path = MainTableViewCell.swift; sourceTree = "<group>"; };
		84A4D61B24AFB161008CD519 /* SunnyWeather.app */ = {isa = PBXFileReference; explicitFileType = wrapper.application; includeInIndex = 0; path = SunnyWeather.app; sourceTree = BUILT_PRODUCTS_DIR; };
		84A4D61E24AFB161008CD519 /* AppDelegate.swift */ = {isa = PBXFileReference; lastKnownFileType = sourcecode.swift; path = AppDelegate.swift; sourceTree = "<group>"; };
		84A4D62024AFB161008CD519 /* SceneDelegate.swift */ = {isa = PBXFileReference; lastKnownFileType = sourcecode.swift; path = SceneDelegate.swift; sourceTree = "<group>"; };
		84A4D62224AFB161008CD519 /* ViewController.swift */ = {isa = PBXFileReference; lastKnownFileType = sourcecode.swift; path = ViewController.swift; sourceTree = "<group>"; };
		84A4D62524AFB161008CD519 /* Base */ = {isa = PBXFileReference; lastKnownFileType = file.storyboard; name = Base; path = Base.lproj/Main.storyboard; sourceTree = "<group>"; };
		84A4D62724AFB16F008CD519 /* Assets.xcassets */ = {isa = PBXFileReference; lastKnownFileType = folder.assetcatalog; path = Assets.xcassets; sourceTree = "<group>"; };
		84A4D62A24AFB16F008CD519 /* Base */ = {isa = PBXFileReference; lastKnownFileType = file.storyboard; name = Base; path = Base.lproj/LaunchScreen.storyboard; sourceTree = "<group>"; };
		84A4D62C24AFB16F008CD519 /* Info.plist */ = {isa = PBXFileReference; lastKnownFileType = text.plist.xml; path = Info.plist; sourceTree = "<group>"; };
		84A4D63224AFB1F5008CD519 /* WeatherGetter.swift */ = {isa = PBXFileReference; fileEncoding = 4; lastKnownFileType = sourcecode.swift; path = WeatherGetter.swift; sourceTree = "<group>"; };
		84A4D63424AFB1F5008CD519 /* WeatherIcon.swift */ = {isa = PBXFileReference; fileEncoding = 4; lastKnownFileType = sourcecode.swift; path = WeatherIcon.swift; sourceTree = "<group>"; };
		84A4D63824AFBC1E008CD519 /* WeatherModel.swift */ = {isa = PBXFileReference; lastKnownFileType = sourcecode.swift; path = WeatherModel.swift; sourceTree = "<group>"; };
/* End PBXFileReference section */

/* Begin PBXFrameworksBuildPhase section */
		84A4D61824AFB161008CD519 /* Frameworks */ = {
			isa = PBXFrameworksBuildPhase;
			buildActionMask = 2147483647;
			files = (
			);
			runOnlyForDeploymentPostprocessing = 0;
		};
/* End PBXFrameworksBuildPhase section */

/* Begin PBXGroup section */
		84A4D61224AFB161008CD519 = {
			isa = PBXGroup;
			children = (
				84A4D61D24AFB161008CD519 /* SunnyWeather */,
				84A4D61C24AFB161008CD519 /* Products */,
			);
			sourceTree = "<group>";
		};
		84A4D61C24AFB161008CD519 /* Products */ = {
			isa = PBXGroup;
			children = (
				84A4D61B24AFB161008CD519 /* SunnyWeather.app */,
			);
			name = Products;
			sourceTree = "<group>";
		};
		84A4D61D24AFB161008CD519 /* SunnyWeather */ = {
			isa = PBXGroup;
			children = (
				84A4D61E24AFB161008CD519 /* AppDelegate.swift */,
				84A4D62024AFB161008CD519 /* SceneDelegate.swift */,
				84A4D62224AFB161008CD519 /* ViewController.swift */,
				849873CA24B0DE100069E4C1 /* MainTableViewCell.swift */,
				849873C424B0D0520069E4C1 /* TodayTableViewCell.swift */,
				849873C624B0D10D0069E4C1 /* WeekTableViewCell.swift */,
				849873C824B0D1260069E4C1 /* WorldTableViewCell.swift */,
				84A4D63224AFB1F5008CD519 /* WeatherGetter.swift */,
				84A4D63824AFBC1E008CD519 /* WeatherModel.swift */,
				84A4D63424AFB1F5008CD519 /* WeatherIcon.swift */,
				84A4D62424AFB161008CD519 /* Main.storyboard */,
				84A4D62724AFB16F008CD519 /* Assets.xcassets */,
				84A4D62924AFB16F008CD519 /* LaunchScreen.storyboard */,
				84A4D62C24AFB16F008CD519 /* Info.plist */,
			);
			path = SunnyWeather;
			sourceTree = "<group>";
		};
/* End PBXGroup section */

/* Begin PBXNativeTarget section */
		84A4D61A24AFB161008CD519 /* SunnyWeather */ = {
			isa = PBXNativeTarget;
			buildConfigurationList = 84A4D62F24AFB16F008CD519 /* Build configuration list for PBXNativeTarget "SunnyWeather" */;
			buildPhases = (
				84A4D61724AFB161008CD519 /* Sources */,
				84A4D61824AFB161008CD519 /* Frameworks */,
				84A4D61924AFB161008CD519 /* Resources */,
			);
			buildRules = (
			);
			dependencies = (
			);
			name = SunnyWeather;
			productName = SunnyWeather;
			productReference = 84A4D61B24AFB161008CD519 /* SunnyWeather.app */;
			productType = "com.apple.product-type.application";
		};
/* End PBXNativeTarget section */

/* Begin PBXProject section */
		84A4D61324AFB161008CD519 /* Project object */ = {
			isa = PBXProject;
			attributes = {
				LastSwiftUpdateCheck = 1150;
				LastUpgradeCheck = 1150;
				ORGANIZATIONNAME = "Antoine Lamoureux";
				TargetAttributes = {
					84A4D61A24AFB161008CD519 = {
						CreatedOnToolsVersion = 11.5;
					};
				};
			};
			buildConfigurationList = 84A4D61624AFB161008CD519 /* Build configuration list for PBXProject "SunnyWeather" */;
			compatibilityVersion = "Xcode 9.3";
			developmentRegion = en;
			hasScannedForEncodings = 0;
			knownRegions = (
				en,
				Base,
			);
			mainGroup = 84A4D61224AFB161008CD519;
			productRefGroup = 84A4D61C24AFB161008CD519 /* Products */;
			projectDirPath = "";
			projectRoot = "";
			targets = (
				84A4D61A24AFB161008CD519 /* SunnyWeather */,
			);
		};
/* End PBXProject section */

/* Begin PBXResourcesBuildPhase section */
		84A4D61924AFB161008CD519 /* Resources */ = {
			isa = PBXResourcesBuildPhase;
			buildActionMask = 2147483647;
			files = (
				84A4D62B24AFB16F008CD519 /* LaunchScreen.storyboard in Resources */,
				84A4D62824AFB16F008CD519 /* Assets.xcassets in Resources */,
				84A4D62624AFB161008CD519 /* Main.storyboard in Resources */,
			);
			runOnlyForDeploymentPostprocessing = 0;
		};
/* End PBXResourcesBuildPhase section */

/* Begin PBXSourcesBuildPhase section */
		84A4D61724AFB161008CD519 /* Sources */ = {
			isa = PBXSourcesBuildPhase;
			buildActionMask = 2147483647;
			files = (
				84A4D62324AFB161008CD519 /* ViewController.swift in Sources */,
				849873C724B0D10D0069E4C1 /* WeekTableViewCell.swift in Sources */,
				84A4D63724AFB1F5008CD519 /* WeatherIcon.swift in Sources */,
				84A4D63524AFB1F5008CD519 /* WeatherGetter.swift in Sources */,
				849873CB24B0DE100069E4C1 /* MainTableViewCell.swift in Sources */,
				849873C924B0D1260069E4C1 /* WorldTableViewCell.swift in Sources */,
				849873C524B0D0520069E4C1 /* TodayTableViewCell.swift in Sources */,
				84A4D61F24AFB161008CD519 /* AppDelegate.swift in Sources */,
				84A4D63924AFBC1E008CD519 /* WeatherModel.swift in Sources */,
				84A4D62124AFB161008CD519 /* SceneDelegate.swift in Sources */,
			);
			runOnlyForDeploymentPostprocessing = 0;
		};
/* End PBXSourcesBuildPhase section */

/* Begin PBXVariantGroup section */
		84A4D62424AFB161008CD519 /* Main.storyboard */ = {
			isa = PBXVariantGroup;
			children = (
				84A4D62524AFB161008CD519 /* Base */,
			);
			name = Main.storyboard;
			sourceTree = "<group>";
		};
		84A4D62924AFB16F008CD519 /* LaunchScreen.storyboard */ = {
			isa = PBXVariantGroup;
			children = (
				84A4D62A24AFB16F008CD519 /* Base */,
			);
			name = LaunchScreen.storyboard;
			sourceTree = "<group>";
		};
/* End PBXVariantGroup section */

/* Begin XCBuildConfiguration section */
		84A4D62D24AFB16F008CD519 /* Debug */ = {
			isa = XCBuildConfiguration;
			buildSettings = {
				ALWAYS_SEARCH_USER_PATHS = NO;
				CLANG_ANALYZER_NONNULL = YES;
				CLANG_ANALYZER_NUMBER_OBJECT_CONVERSION = YES_AGGRESSIVE;
				CLANG_CXX_LANGUAGE_STANDARD = "gnu++14";
				CLANG_CXX_LIBRARY = "libc++";
				CLANG_ENABLE_MODULES = YES;
				CLANG_ENABLE_OBJC_ARC = YES;
				CLANG_ENABLE_OBJC_WEAK = YES;
				CLANG_WARN_BLOCK_CAPTURE_AUTORELEASING = YES;
				CLANG_WARN_BOOL_CONVERSION = YES;
				CLANG_WARN_COMMA = YES;
				CLANG_WARN_CONSTANT_CONVERSION = YES;
				CLANG_WARN_DEPRECATED_OBJC_IMPLEMENTATIONS = YES;
				CLANG_WARN_DIRECT_OBJC_ISA_USAGE = YES_ERROR;
				CLANG_WARN_DOCUMENTATION_COMMENTS = YES;
				CLANG_WARN_EMPTY_BODY = YES;
				CLANG_WARN_ENUM_CONVERSION = YES;
				CLANG_WARN_INFINITE_RECURSION = YES;
				CLANG_WARN_INT_CONVERSION = YES;
				CLANG_WARN_NON_LITERAL_NULL_CONVERSION = YES;
				CLANG_WARN_OBJC_IMPLICIT_RETAIN_SELF = YES;
				CLANG_WARN_OBJC_LITERAL_CONVERSION = YES;
				CLANG_WARN_OBJC_ROOT_CLASS = YES_ERROR;
				CLANG_WARN_RANGE_LOOP_ANALYSIS = YES;
				CLANG_WARN_STRICT_PROTOTYPES = YES;
				CLANG_WARN_SUSPICIOUS_MOVE = YES;
				CLANG_WARN_UNGUARDED_AVAILABILITY = YES_AGGRESSIVE;
				CLANG_WARN_UNREACHABLE_CODE = YES;
				CLANG_WARN__DUPLICATE_METHOD_MATCH = YES;
				COPY_PHASE_STRIP = NO;
				DEBUG_INFORMATION_FORMAT = dwarf;
				ENABLE_STRICT_OBJC_MSGSEND = YES;
				ENABLE_TESTABILITY = YES;
				GCC_C_LANGUAGE_STANDARD = gnu11;
				GCC_DYNAMIC_NO_PIC = NO;
				GCC_NO_COMMON_BLOCKS = YES;
				GCC_OPTIMIZATION_LEVEL = 0;
				GCC_PREPROCESSOR_DEFINITIONS = (
					"DEBUG=1",
					"$(inherited)",
				);
				GCC_WARN_64_TO_32_BIT_CONVERSION = YES;
				GCC_WARN_ABOUT_RETURN_TYPE = YES_ERROR;
				GCC_WARN_UNDECLARED_SELECTOR = YES;
				GCC_WARN_UNINITIALIZED_AUTOS = YES_AGGRESSIVE;
				GCC_WARN_UNUSED_FUNCTION = YES;
				GCC_WARN_UNUSED_VARIABLE = YES;
				IPHONEOS_DEPLOYMENT_TARGET = 13.5;
				MTL_ENABLE_DEBUG_INFO = INCLUDE_SOURCE;
				MTL_FAST_MATH = YES;
				ONLY_ACTIVE_ARCH = YES;
				SDKROOT = iphoneos;
				SWIFT_ACTIVE_COMPILATION_CONDITIONS = DEBUG;
				SWIFT_OPTIMIZATION_LEVEL = "-Onone";
			};
			name = Debug;
		};
		84A4D62E24AFB16F008CD519 /* Release */ = {
			isa = XCBuildConfiguration;
			buildSettings = {
				ALWAYS_SEARCH_USER_PATHS = NO;
				CLANG_ANALYZER_NONNULL = YES;
				CLANG_ANALYZER_NUMBER_OBJECT_CONVERSION = YES_AGGRESSIVE;
				CLANG_CXX_LANGUAGE_STANDARD = "gnu++14";
				CLANG_CXX_LIBRARY = "libc++";
				CLANG_ENABLE_MODULES = YES;
				CLANG_ENABLE_OBJC_ARC = YES;
				CLANG_ENABLE_OBJC_WEAK = YES;
				CLANG_WARN_BLOCK_CAPTURE_AUTORELEASING = YES;
				CLANG_WARN_BOOL_CONVERSION = YES;
				CLANG_WARN_COMMA = YES;
				CLANG_WARN_CONSTANT_CONVERSION = YES;
				CLANG_WARN_DEPRECATED_OBJC_IMPLEMENTATIONS = YES;
				CLANG_WARN_DIRECT_OBJC_ISA_USAGE = YES_ERROR;
				CLANG_WARN_DOCUMENTATION_COMMENTS = YES;
				CLANG_WARN_EMPTY_BODY = YES;
				CLANG_WARN_ENUM_CONVERSION = YES;
				CLANG_WARN_INFINITE_RECURSION = YES;
				CLANG_WARN_INT_CONVERSION = YES;
				CLANG_WARN_NON_LITERAL_NULL_CONVERSION = YES;
				CLANG_WARN_OBJC_IMPLICIT_RETAIN_SELF = YES;
				CLANG_WARN_OBJC_LITERAL_CONVERSION = YES;
				CLANG_WARN_OBJC_ROOT_CLASS = YES_ERROR;
				CLANG_WARN_RANGE_LOOP_ANALYSIS = YES;
				CLANG_WARN_STRICT_PROTOTYPES = YES;
				CLANG_WARN_SUSPICIOUS_MOVE = YES;
				CLANG_WARN_UNGUARDED_AVAILABILITY = YES_AGGRESSIVE;
				CLANG_WARN_UNREACHABLE_CODE = YES;
				CLANG_WARN__DUPLICATE_METHOD_MATCH = YES;
				COPY_PHASE_STRIP = NO;
				DEBUG_INFORMATION_FORMAT = "dwarf-with-dsym";
				ENABLE_NS_ASSERTIONS = NO;
				ENABLE_STRICT_OBJC_MSGSEND = YES;
				GCC_C_LANGUAGE_STANDARD = gnu11;
				GCC_NO_COMMON_BLOCKS = YES;
				GCC_WARN_64_TO_32_BIT_CONVERSION = YES;
				GCC_WARN_ABOUT_RETURN_TYPE = YES_ERROR;
				GCC_WARN_UNDECLARED_SELECTOR = YES;
				GCC_WARN_UNINITIALIZED_AUTOS = YES_AGGRESSIVE;
				GCC_WARN_UNUSED_FUNCTION = YES;
				GCC_WARN_UNUSED_VARIABLE = YES;
				IPHONEOS_DEPLOYMENT_TARGET = 13.5;
				MTL_ENABLE_DEBUG_INFO = NO;
				MTL_FAST_MATH = YES;
				SDKROOT = iphoneos;
				SWIFT_COMPILATION_MODE = wholemodule;
				SWIFT_OPTIMIZATION_LEVEL = "-O";
				VALIDATE_PRODUCT = YES;
			};
			name = Release;
		};
		84A4D63024AFB16F008CD519 /* Debug */ = {
			isa = XCBuildConfiguration;
			buildSettings = {
				ASSETCATALOG_COMPILER_APPICON_NAME = AppIcon;
				CODE_SIGN_STYLE = Automatic;
				DEVELOPMENT_TEAM = MS6ZAN2MYA;
				INFOPLIST_FILE = SunnyWeather/Info.plist;
				LD_RUNPATH_SEARCH_PATHS = (
					"$(inherited)",
					"@executable_path/Frameworks",
				);
				PRODUCT_BUNDLE_IDENTIFIER = "com.Antoine-Lamoureux.SunnyWeather";
				PRODUCT_NAME = "$(TARGET_NAME)";
				SWIFT_VERSION = 5.0;
				TARGETED_DEVICE_FAMILY = "1,2";
			};
			name = Debug;
		};
		84A4D63124AFB16F008CD519 /* Release */ = {
			isa = XCBuildConfiguration;
			buildSettings = {
				ASSETCATALOG_COMPILER_APPICON_NAME = AppIcon;
				CODE_SIGN_STYLE = Automatic;
				DEVELOPMENT_TEAM = MS6ZAN2MYA;
				INFOPLIST_FILE = SunnyWeather/Info.plist;
				LD_RUNPATH_SEARCH_PATHS = (
					"$(inherited)",
					"@executable_path/Frameworks",
				);
				PRODUCT_BUNDLE_IDENTIFIER = "com.Antoine-Lamoureux.SunnyWeather";
				PRODUCT_NAME = "$(TARGET_NAME)";
				SWIFT_VERSION = 5.0;
				TARGETED_DEVICE_FAMILY = "1,2";
			};
			name = Release;
		};
/* End XCBuildConfiguration section */

/* Begin XCConfigurationList section */
		84A4D61624AFB161008CD519 /* Build configuration list for PBXProject "SunnyWeather" */ = {
			isa = XCConfigurationList;
			buildConfigurations = (
				84A4D62D24AFB16F008CD519 /* Debug */,
				84A4D62E24AFB16F008CD519 /* Release */,
			);
			defaultConfigurationIsVisible = 0;
			defaultConfigurationName = Release;
		};
		84A4D62F24AFB16F008CD519 /* Build configuration list for PBXNativeTarget "SunnyWeather" */ = {
			isa = XCConfigurationList;
			buildConfigurations = (
				84A4D63024AFB16F008CD519 /* Debug */,
				84A4D63124AFB16F008CD519 /* Release */,
			);
			defaultConfigurationIsVisible = 0;
			defaultConfigurationName = Release;
		};
/* End XCConfigurationList section */
	};
	rootObject = 84A4D61324AFB161008CD519 /* Project object */;
}
